
Microsoft Visual Studio Solution File, Format Version 12.00
# Visual Studio Version 17
VisualStudioVersion = 17.3.32901.215
MinimumVisualStudioVersion = 10.0.40219.1
Project("{FAE04EC0-301F-11D3-BF4B-00C04F79EFBC}") = "HW_RTB_Advanced", "HW_RTB_Advanced.csproj", "{CF89A6E4-0EE6-426D-85F2-D297E0143828}"
EndProject
Global
	GlobalSection(SolutionConfigurationPlatforms) = preSolution
		Debug|Any CPU = Debug|Any CPU
		Release|Any CPU = Release|Any CPU
	EndGlobalSection
	GlobalSection(ProjectConfigurationPlatforms) = postSolution
		{CF89A6E4-0EE6-426D-85F2-D297E0143828}.Debug|Any CPU.ActiveCfg = Debug|Any CPU
		{CF89A6E4-0EE6-426D-85F2-D297E0143828}.Debug|Any CPU.Build.0 = Debug|Any CPU
		{CF89A6E4-0EE6-426D-85F2-D297E0143828}.Release|Any CPU.ActiveCfg = Release|Any CPU
		{CF89A6E4-0EE6-426D-85F2-D297E0143828}.Release|Any CPU.Build.0 = Release|Any CPU
	EndGlobalSection
	GlobalSection(SolutionProperties) = preSolution
		HideSolutionNode = FALSE
	EndGlobalSection
	GlobalSection(ExtensibilityGlobals) = postSolution
		SolutionGuid = {7E667277-287D-43E8-94F7-6E81611EDFCF}
	EndGlobalSection
EndGlobal
